
Microsoft Visual Studio Solution File, Format Version 12.00
Project("{FAE04EC0-301F-11D3-BF4B-00C04F79EFBC}") = "CommentsDensityTool", "CommentsDensityTool\CommentsDensityTool.csproj", "{1604B6F5-0A89-45D0-8553-7DA07066D4F6}"
EndProject
Global
	GlobalSection(SolutionConfigurationPlatforms) = preSolution
		Debug|Any CPU = Debug|Any CPU
		Release|Any CPU = Release|Any CPU
	EndGlobalSection
	GlobalSection(ProjectConfigurationPlatforms) = postSolution
		{1604B6F5-0A89-45D0-8553-7DA07066D4F6}.Debug|Any CPU.ActiveCfg = Debug|Any CPU
		{1604B6F5-0A89-45D0-8553-7DA07066D4F6}.Debug|Any CPU.Build.0 = Debug|Any CPU
		{1604B6F5-0A89-45D0-8553-7DA07066D4F6}.Release|Any CPU.ActiveCfg = Release|Any CPU
		{1604B6F5-0A89-45D0-8553-7DA07066D4F6}.Release|Any CPU.Build.0 = Release|Any CPU
	EndGlobalSection
EndGlobal
